
Microsoft Visual Studio Solution File, Format Version 12.00
# Visual Studio Version 17
VisualStudioVersion = 17.1.32421.90
MinimumVisualStudioVersion = 10.0.40219.1
Project("{FAE04EC0-301F-11D3-BF4B-00C04F79EFBC}") = "HugeWeapon", "HugeWeapon\HugeWeapon.csproj", "{E3050BA0-8DA5-44EF-80BF-C91F874A5438}"
EndProject
Global
	GlobalSection(SolutionConfigurationPlatforms) = preSolution
		Debug|Any CPU = Debug|Any CPU
		Release|Any CPU = Release|Any CPU
	EndGlobalSection
	GlobalSection(ProjectConfigurationPlatforms) = postSolution
		{E3050BA0-8DA5-44EF-80BF-C91F874A5438}.Debug|Any CPU.ActiveCfg = Debug|Any CPU
		{E3050BA0-8DA5-44EF-80BF-C91F874A5438}.Debug|Any CPU.Build.0 = Debug|Any CPU
		{E3050BA0-8DA5-44EF-80BF-C91F874A5438}.Release|Any CPU.ActiveCfg = Release|Any CPU
		{E3050BA0-8DA5-44EF-80BF-C91F874A5438}.Release|Any CPU.Build.0 = Release|Any CPU
	EndGlobalSection
	GlobalSection(SolutionProperties) = preSolution
		HideSolutionNode = FALSE
	EndGlobalSection
	GlobalSection(ExtensibilityGlobals) = postSolution
		SolutionGuid = {771B3283-0AF9-4A1B-B309-D4D0E146B697}
	EndGlobalSection
EndGlobal
